
Microsoft Visual Studio Solution File, Format Version 12.00
# Visual Studio Version 17
VisualStudioVersion = 17.14.36603.0 d17.14
MinimumVisualStudioVersion = 10.0.40219.1
Project("{FAE04EC0-301F-11D3-BF4B-00C04F79EFBC}") = "PracticaLogin", "PracticaLogin\PracticaLogin.csproj", "{5A586B18-25AE-4C8A-A79C-08F868FA36FE}"
EndProject
Global
	GlobalSection(SolutionConfigurationPlatforms) = preSolution
		Debug|Any CPU = Debug|Any CPU
		Release|Any CPU = Release|Any CPU
	EndGlobalSection
	GlobalSection(ProjectConfigurationPlatforms) = postSolution
		{5A586B18-25AE-4C8A-A79C-08F868FA36FE}.Debug|Any CPU.ActiveCfg = Debug|Any CPU
		{5A586B18-25AE-4C8A-A79C-08F868FA36FE}.Debug|Any CPU.Build.0 = Debug|Any CPU
		{5A586B18-25AE-4C8A-A79C-08F868FA36FE}.Release|Any CPU.ActiveCfg = Release|Any CPU
		{5A586B18-25AE-4C8A-A79C-08F868FA36FE}.Release|Any CPU.Build.0 = Release|Any CPU
	EndGlobalSection
	GlobalSection(SolutionProperties) = preSolution
		HideSolutionNode = FALSE
	EndGlobalSection
	GlobalSection(ExtensibilityGlobals) = postSolution
		SolutionGuid = {4DDD2E51-151B-439C-9051-5842E5E79339}
	EndGlobalSection
EndGlobal
